
Microsoft Visual Studio Solution File, Format Version 12.00
# Visual Studio Version 16
VisualStudioVersion = 16.0.29728.190
MinimumVisualStudioVersion = 10.0.40219.1
Project("{9A19103F-16F7-4668-BE54-9A1E7A4F7556}") = "ProjetoHubCount", "ProjetoHubCount.csproj", "{7DC5629E-5976-4CD4-AF82-FA3486248DAE}"
EndProject
Global
	GlobalSection(SolutionConfigurationPlatforms) = preSolution
		Debug|Any CPU = Debug|Any CPU
		Release|Any CPU = Release|Any CPU
	EndGlobalSection
	GlobalSection(ProjectConfigurationPlatforms) = postSolution
		{7DC5629E-5976-4CD4-AF82-FA3486248DAE}.Debug|Any CPU.ActiveCfg = Debug|Any CPU
		{7DC5629E-5976-4CD4-AF82-FA3486248DAE}.Debug|Any CPU.Build.0 = Debug|Any CPU
		{7DC5629E-5976-4CD4-AF82-FA3486248DAE}.Release|Any CPU.ActiveCfg = Release|Any CPU
		{7DC5629E-5976-4CD4-AF82-FA3486248DAE}.Release|Any CPU.Build.0 = Release|Any CPU
	EndGlobalSection
	GlobalSection(SolutionProperties) = preSolution
		HideSolutionNode = FALSE
	EndGlobalSection
	GlobalSection(ExtensibilityGlobals) = postSolution
		SolutionGuid = {AF799F24-B1E9-49E5-A381-FFA466745901}
	EndGlobalSection
EndGlobal
